
Microsoft Visual Studio Solution File, Format Version 11.00
# Visual Studio 2010
Project("{8BC9CEB8-8B4A-11D0-8D11-00A0C91BC942}") = "2020_10_14", "2020_10_14\2020_10_14.vcxproj", "{138912A3-FAD9-470C-91E9-93D9B50EF27F}"
EndProject
Global
	GlobalSection(SolutionConfigurationPlatforms) = preSolution
		Debug|Win32 = Debug|Win32
		Release|Win32 = Release|Win32
	EndGlobalSection
	GlobalSection(ProjectConfigurationPlatforms) = postSolution
		{138912A3-FAD9-470C-91E9-93D9B50EF27F}.Debug|Win32.ActiveCfg = Debug|Win32
		{138912A3-FAD9-470C-91E9-93D9B50EF27F}.Debug|Win32.Build.0 = Debug|Win32
		{138912A3-FAD9-470C-91E9-93D9B50EF27F}.Release|Win32.ActiveCfg = Release|Win32
		{138912A3-FAD9-470C-91E9-93D9B50EF27F}.Release|Win32.Build.0 = Release|Win32
	EndGlobalSection
	GlobalSection(SolutionProperties) = preSolution
		HideSolutionNode = FALSE
	EndGlobalSection
EndGlobal
