
Microsoft Visual Studio Solution File, Format Version 11.00
# Visual Studio 2010
Project("{8BC9CEB8-8B4A-11D0-8D11-00A0C91BC942}") = "2020_9_22", "2020_9_22\2020_9_22.vcxproj", "{0DBBC57B-2C96-4E1A-86DC-23D65E129CDF}"
EndProject
Global
	GlobalSection(SolutionConfigurationPlatforms) = preSolution
		Debug|Win32 = Debug|Win32
		Release|Win32 = Release|Win32
	EndGlobalSection
	GlobalSection(ProjectConfigurationPlatforms) = postSolution
		{0DBBC57B-2C96-4E1A-86DC-23D65E129CDF}.Debug|Win32.ActiveCfg = Debug|Win32
		{0DBBC57B-2C96-4E1A-86DC-23D65E129CDF}.Debug|Win32.Build.0 = Debug|Win32
		{0DBBC57B-2C96-4E1A-86DC-23D65E129CDF}.Release|Win32.ActiveCfg = Release|Win32
		{0DBBC57B-2C96-4E1A-86DC-23D65E129CDF}.Release|Win32.Build.0 = Release|Win32
	EndGlobalSection
	GlobalSection(SolutionProperties) = preSolution
		HideSolutionNode = FALSE
	EndGlobalSection
EndGlobal
